
Microsoft Visual Studio Solution File, Format Version 12.00
# Visual Studio Version 17
VisualStudioVersion = 17.6.33723.286
MinimumVisualStudioVersion = 10.0.40219.1
Project("{FAE04EC0-301F-11D3-BF4B-00C04F79EFBC}") = "practice", "practice\practice.csproj", "{B105E4EF-E5EB-44D7-B9D6-C43BEFFD23A4}"
EndProject
Global
	GlobalSection(SolutionConfigurationPlatforms) = preSolution
		Debug|Any CPU = Debug|Any CPU
		Release|Any CPU = Release|Any CPU
	EndGlobalSection
	GlobalSection(ProjectConfigurationPlatforms) = postSolution
		{B105E4EF-E5EB-44D7-B9D6-C43BEFFD23A4}.Debug|Any CPU.ActiveCfg = Debug|Any CPU
		{B105E4EF-E5EB-44D7-B9D6-C43BEFFD23A4}.Debug|Any CPU.Build.0 = Debug|Any CPU
		{B105E4EF-E5EB-44D7-B9D6-C43BEFFD23A4}.Release|Any CPU.ActiveCfg = Release|Any CPU
		{B105E4EF-E5EB-44D7-B9D6-C43BEFFD23A4}.Release|Any CPU.Build.0 = Release|Any CPU
	EndGlobalSection
	GlobalSection(SolutionProperties) = preSolution
		HideSolutionNode = FALSE
	EndGlobalSection
	GlobalSection(ExtensibilityGlobals) = postSolution
		SolutionGuid = {A13693CF-4850-4C89-A19C-CFC7EDE9268A}
	EndGlobalSection
EndGlobal
